{
  "name": "@kmamal/evdev",
  "version": "0.0.0",
  "lockfileVersion": 3,
  "requires": true,
  "packages": {
    "": {
      "name": "@kmamal/evdev",
      "version": "0.0.0",
      "license": "MIT",
      "dependencies": {
        "@kmamal/util": "^0.1.14"
      },
      "devDependencies": {
        "@kmamal/testing": "^0.0.28"
      }
    },
    "node_modules/@kmamal/async": {
      "version": "0.0.3",
      "resolved": "https://registry.npmjs.org/@kmamal/async/-/async-0.0.3.tgz",
      "integrity": "sha512-rMpRbRN5C+cXVl5TWah8/uOGr1Co4LPBn/p/hK1Vyz2l14obqmoHnxKux2sH1bFsr6RB2gTFd9Qeqr3qA5gzkA==",
      "dev": true,
      "dependencies": {
        "@kmamal/util": "^0.1.6"
      }
    },
    "node_modules/@kmamal/globs": {
      "version": "0.0.4",
      "resolved": "https://registry.npmjs.org/@kmamal/globs/-/globs-0.0.4.tgz",
      "integrity": "sha512-XzvtspWYgoG9u2ecrKl3vTs5XFFO2S56QfmNEogy1vubZdnsOg+YDVh/UBKgCPrXdHp/GzrQQlhOaqgrot56Vg==",
      "dev": true,
      "dependencies": {
        "@kmamal/recurse": "^0.0.1"
      }
    },
    "node_modules/@kmamal/heap": {
      "version": "0.0.7",
      "resolved": "https://registry.npmjs.org/@kmamal/heap/-/heap-0.0.7.tgz",
      "integrity": "sha512-iERysjNkc5uizK6fJRZGcjgMfGZDgSZm/MxG/rF4THGndcfBp5mLRMe3dioKlKCvqWNBk9ZcnqkDNM+ga2Eo0w==",
      "dependencies": {
        "@kmamal/util": "^0.1.13"
      }
    },
    "node_modules/@kmamal/linked-list": {
      "version": "0.0.1",
      "resolved": "https://registry.npmjs.org/@kmamal/linked-list/-/linked-list-0.0.1.tgz",
      "integrity": "sha512-+zh1gjJHikF196idEBJ6kqw81FGU3pzzahAFdErv5K0ZzctbTb/p1ANquDGwZ2Xm6a6rD8efWdmtGGFh/Rbghw=="
    },
    "node_modules/@kmamal/recurse": {
      "version": "0.0.1",
      "resolved": "https://registry.npmjs.org/@kmamal/recurse/-/recurse-0.0.1.tgz",
      "integrity": "sha512-W9WWjrGS7xK7qkl4BnWb7QB2af+kuJFZsA1SW0oiQZYO7Sh7fxemwqeVKSsz3ZU+dwo5ejCT+sWIT6kI+v3xgQ==",
      "dev": true,
      "dependencies": {
        "@kmamal/async": "^0.0.3"
      }
    },
    "node_modules/@kmamal/testing": {
      "version": "0.0.28",
      "resolved": "https://registry.npmjs.org/@kmamal/testing/-/testing-0.0.28.tgz",
      "integrity": "sha512-vGu1wOAYsWkIYs8dJLz/9q1H/lOrGmhbmAaiBQYtorTGXj5ShS9zt8G4bMx4ReDYEeJ4WKlEZW8rhEbmXVefVA==",
      "dev": true,
      "dependencies": {
        "@kmamal/globs": "^0.0.4",
        "@kmamal/util": "^0.1.14"
      },
      "bin": {
        "testing": "bin/testing"
      }
    },
    "node_modules/@kmamal/util": {
      "version": "0.1.14",
      "resolved": "https://registry.npmjs.org/@kmamal/util/-/util-0.1.14.tgz",
      "integrity": "sha512-bHkrO6HTg7N4DLX5RrKnE0CW1x9oN2eGcEF3L+RJdcMJPRTM+g8f+aWNV9yS8WUVrDDy4V3HTx9oP4HDyCpEiw==",
      "dependencies": {
        "@kmamal/heap": "^0.0.7",
        "@kmamal/linked-list": "^0.0.1"
      }
    }
  }
}
